<Solution>
  <Folder Name="/Solution Items/">
    <File Path="Dockerfile" />
    <File Path="dotnet-tools.json" />
  </Folder>
  <Folder Name="/src/">
    <Project Path="src/SDApp.Web/SDApp.Web.csproj" />
  </Folder>
  <Folder Name="/tests/">
    <Project Path="tests/SDApp.Web.Tests/SDApp.Web.Tests.csproj" />
  </Folder>
</Solution>
